
Microsoft Visual Studio Solution File, Format Version 12.00
# Visual Studio Version 17
VisualStudioVersion = 17.3.32825.248
MinimumVisualStudioVersion = 10.0.40219.1
Project("{FAE04EC0-301F-11D3-BF4B-00C04F79EFBC}") = "LaTable", "LaTable\LaTable.csproj", "{F3D7BD49-F305-4066-9C86-DEFADEE4FAA1}"
EndProject
Global
	GlobalSection(SolutionConfigurationPlatforms) = preSolution
		Debug|Any CPU = Debug|Any CPU
		Release|Any CPU = Release|Any CPU
	EndGlobalSection
	GlobalSection(ProjectConfigurationPlatforms) = postSolution
		{F3D7BD49-F305-4066-9C86-DEFADEE4FAA1}.Debug|Any CPU.ActiveCfg = Debug|Any CPU
		{F3D7BD49-F305-4066-9C86-DEFADEE4FAA1}.Debug|Any CPU.Build.0 = Debug|Any CPU
		{F3D7BD49-F305-4066-9C86-DEFADEE4FAA1}.Release|Any CPU.ActiveCfg = Release|Any CPU
		{F3D7BD49-F305-4066-9C86-DEFADEE4FAA1}.Release|Any CPU.Build.0 = Release|Any CPU
	EndGlobalSection
	GlobalSection(SolutionProperties) = preSolution
		HideSolutionNode = FALSE
	EndGlobalSection
	GlobalSection(ExtensibilityGlobals) = postSolution
		SolutionGuid = {4AE0A980-D572-462F-928E-2329038BF2F3}
	EndGlobalSection
EndGlobal
